
Microsoft Visual Studio Solution File, Format Version 12.00
# Visual Studio Version 16
VisualStudioVersion = 16.0.30717.126
MinimumVisualStudioVersion = 10.0.40219.1
Project("{9A19103F-16F7-4668-BE54-9A1E7A4F7556}") = "WGCNA-Basic", "WGCNA-Basic.csproj", "{68A33A3C-5046-466E-8618-F13EF7D655B1}"
EndProject
Project("{FAE04EC0-301F-11D3-BF4B-00C04F79EFBC}") = "WGCNA-BasicTests", "..\WGCNA-BasicTests\WGCNA-BasicTests.csproj", "{C36C81A9-2686-4E22-A861-773C7E3F49B3}"
EndProject
Global
	GlobalSection(SolutionConfigurationPlatforms) = preSolution
		Debug|Any CPU = Debug|Any CPU
		Release|Any CPU = Release|Any CPU
	EndGlobalSection
	GlobalSection(ProjectConfigurationPlatforms) = postSolution
		{68A33A3C-5046-466E-8618-F13EF7D655B1}.Debug|Any CPU.ActiveCfg = Debug|Any CPU
		{68A33A3C-5046-466E-8618-F13EF7D655B1}.Debug|Any CPU.Build.0 = Debug|Any CPU
		{68A33A3C-5046-466E-8618-F13EF7D655B1}.Release|Any CPU.ActiveCfg = Release|Any CPU
		{68A33A3C-5046-466E-8618-F13EF7D655B1}.Release|Any CPU.Build.0 = Release|Any CPU
		{C36C81A9-2686-4E22-A861-773C7E3F49B3}.Debug|Any CPU.ActiveCfg = Debug|Any CPU
		{C36C81A9-2686-4E22-A861-773C7E3F49B3}.Debug|Any CPU.Build.0 = Debug|Any CPU
		{C36C81A9-2686-4E22-A861-773C7E3F49B3}.Release|Any CPU.ActiveCfg = Release|Any CPU
		{C36C81A9-2686-4E22-A861-773C7E3F49B3}.Release|Any CPU.Build.0 = Release|Any CPU
	EndGlobalSection
	GlobalSection(SolutionProperties) = preSolution
		HideSolutionNode = FALSE
	EndGlobalSection
	GlobalSection(ExtensibilityGlobals) = postSolution
		SolutionGuid = {E39CAE8D-544D-4FFF-87D7-C3451AD5D2EB}
	EndGlobalSection
EndGlobal
